
Microsoft Visual Studio Solution File, Format Version 12.00
# Visual Studio Version 17
VisualStudioVersion = 17.8.34525.116
MinimumVisualStudioVersion = 10.0.40219.1
Project("{2150E333-8FDC-42A3-9474-1A3956D46DE8}") = "src", "src", "{7DCD9E2B-2A3F-4A1A-B340-A697A4B8356F}"
EndProject
Project("{2150E333-8FDC-42A3-9474-1A3956D46DE8}") = "test", "test", "{F4C0F015-0908-455D-A9BF-0391CF01729C}"
EndProject
Project("{9A19103F-16F7-4668-BE54-9A1E7A4F7556}") = "FlightApp.Domain", "FlightApp.Domain\FlightApp.Domain.csproj", "{4D788434-8407-451E-8B1D-FEDC9C9CA29D}"
EndProject
Project("{9A19103F-16F7-4668-BE54-9A1E7A4F7556}") = "FlightApp.Application", "FlightApp.Application\FlightApp.Application.csproj", "{F0E59289-89BD-4B1A-8E76-63260CDBB539}"
EndProject
Project("{9A19103F-16F7-4668-BE54-9A1E7A4F7556}") = "FlightApp.Infrastructure", "FlightApp.Infrastructure\FlightApp.Infrastructure.csproj", "{A7793C56-0D84-4999-BBBC-E4EE3BAFD7BC}"
EndProject
Project("{9A19103F-16F7-4668-BE54-9A1E7A4F7556}") = "FlightApp.Api", "FlightApp.Api\FlightApp.Api.csproj", "{2BE072C7-3F7F-4F31-9697-2E1DFB5991B2}"
EndProject
Project("{9A19103F-16F7-4668-BE54-9A1E7A4F7556}") = "FlightApp.Application.UnitTests", "FlightApp.Application.UnitTests\FlightApp.Application.UnitTests.csproj", "{DCB5F47B-4C00-4C20-A13E-EE22149ED60E}"
EndProject
Project("{FAE04EC0-301F-11D3-BF4B-00C04F79EFBC}") = "FlightApp.Infrastructure.UnitTests", "FlightApp.Infrastructure.UnitTests\FlightApp.Infrastructure.UnitTests.csproj", "{F7C7D8AC-46BF-4D2D-B353-CA57AF192658}"
EndProject
Global
	GlobalSection(SolutionConfigurationPlatforms) = preSolution
		Debug|Any CPU = Debug|Any CPU
		Release|Any CPU = Release|Any CPU
	EndGlobalSection
	GlobalSection(ProjectConfigurationPlatforms) = postSolution
		{4D788434-8407-451E-8B1D-FEDC9C9CA29D}.Debug|Any CPU.ActiveCfg = Debug|Any CPU
		{4D788434-8407-451E-8B1D-FEDC9C9CA29D}.Debug|Any CPU.Build.0 = Debug|Any CPU
		{4D788434-8407-451E-8B1D-FEDC9C9CA29D}.Release|Any CPU.ActiveCfg = Release|Any CPU
		{4D788434-8407-451E-8B1D-FEDC9C9CA29D}.Release|Any CPU.Build.0 = Release|Any CPU
		{F0E59289-89BD-4B1A-8E76-63260CDBB539}.Debug|Any CPU.ActiveCfg = Debug|Any CPU
		{F0E59289-89BD-4B1A-8E76-63260CDBB539}.Debug|Any CPU.Build.0 = Debug|Any CPU
		{F0E59289-89BD-4B1A-8E76-63260CDBB539}.Release|Any CPU.ActiveCfg = Release|Any CPU
		{F0E59289-89BD-4B1A-8E76-63260CDBB539}.Release|Any CPU.Build.0 = Release|Any CPU
		{A7793C56-0D84-4999-BBBC-E4EE3BAFD7BC}.Debug|Any CPU.ActiveCfg = Debug|Any CPU
		{A7793C56-0D84-4999-BBBC-E4EE3BAFD7BC}.Debug|Any CPU.Build.0 = Debug|Any CPU
		{A7793C56-0D84-4999-BBBC-E4EE3BAFD7BC}.Release|Any CPU.ActiveCfg = Release|Any CPU
		{A7793C56-0D84-4999-BBBC-E4EE3BAFD7BC}.Release|Any CPU.Build.0 = Release|Any CPU
		{2BE072C7-3F7F-4F31-9697-2E1DFB5991B2}.Debug|Any CPU.ActiveCfg = Debug|Any CPU
		{2BE072C7-3F7F-4F31-9697-2E1DFB5991B2}.Debug|Any CPU.Build.0 = Debug|Any CPU
		{2BE072C7-3F7F-4F31-9697-2E1DFB5991B2}.Release|Any CPU.ActiveCfg = Release|Any CPU
		{2BE072C7-3F7F-4F31-9697-2E1DFB5991B2}.Release|Any CPU.Build.0 = Release|Any CPU
		{DCB5F47B-4C00-4C20-A13E-EE22149ED60E}.Debug|Any CPU.ActiveCfg = Debug|Any CPU
		{DCB5F47B-4C00-4C20-A13E-EE22149ED60E}.Debug|Any CPU.Build.0 = Debug|Any CPU
		{DCB5F47B-4C00-4C20-A13E-EE22149ED60E}.Release|Any CPU.ActiveCfg = Release|Any CPU
		{DCB5F47B-4C00-4C20-A13E-EE22149ED60E}.Release|Any CPU.Build.0 = Release|Any CPU
		{F7C7D8AC-46BF-4D2D-B353-CA57AF192658}.Debug|Any CPU.ActiveCfg = Debug|Any CPU
		{F7C7D8AC-46BF-4D2D-B353-CA57AF192658}.Debug|Any CPU.Build.0 = Debug|Any CPU
		{F7C7D8AC-46BF-4D2D-B353-CA57AF192658}.Release|Any CPU.ActiveCfg = Release|Any CPU
		{F7C7D8AC-46BF-4D2D-B353-CA57AF192658}.Release|Any CPU.Build.0 = Release|Any CPU
	EndGlobalSection
	GlobalSection(SolutionProperties) = preSolution
		HideSolutionNode = FALSE
	EndGlobalSection
	GlobalSection(NestedProjects) = preSolution
		{4D788434-8407-451E-8B1D-FEDC9C9CA29D} = {7DCD9E2B-2A3F-4A1A-B340-A697A4B8356F}
		{F0E59289-89BD-4B1A-8E76-63260CDBB539} = {7DCD9E2B-2A3F-4A1A-B340-A697A4B8356F}
		{A7793C56-0D84-4999-BBBC-E4EE3BAFD7BC} = {7DCD9E2B-2A3F-4A1A-B340-A697A4B8356F}
		{2BE072C7-3F7F-4F31-9697-2E1DFB5991B2} = {7DCD9E2B-2A3F-4A1A-B340-A697A4B8356F}
		{DCB5F47B-4C00-4C20-A13E-EE22149ED60E} = {F4C0F015-0908-455D-A9BF-0391CF01729C}
		{F7C7D8AC-46BF-4D2D-B353-CA57AF192658} = {F4C0F015-0908-455D-A9BF-0391CF01729C}
	EndGlobalSection
	GlobalSection(ExtensibilityGlobals) = postSolution
		SolutionGuid = {82D6E97F-A260-4042-A8B3-0D0EB790FF30}
	EndGlobalSection
EndGlobal
